// !$*UTF8*$!
{
	archiveVersion = 1;
	classes = {
	};
	objectVersion = 55;
	objects = {

/* Begin PBXBuildFile section */
		AA859A2D28AADDC400C30600 /* AppDelegate.swift in Sources */ = {isa = PBXBuildFile; fileRef = AA859A2C28AADDC400C30600 /* AppDelegate.swift */; };
		AA859A2F28AADDC400C30600 /* SceneDelegate.swift in Sources */ = {isa = PBXBuildFile; fileRef = AA859A2E28AADDC400C30600 /* SceneDelegate.swift */; };
		AA859A3128AADDC400C30600 /* ViewController.swift in Sources */ = {isa = PBXBuildFile; fileRef = AA859A3028AADDC400C30600 /* ViewController.swift */; };
		AA859A3428AADDC400C30600 /* Main.storyboard in Resources */ = {isa = PBXBuildFile; fileRef = AA859A3228AADDC400C30600 /* Main.storyboard */; };
		AA859A3628AADDC500C30600 /* Assets.xcassets in Resources */ = {isa = PBXBuildFile; fileRef = AA859A3528AADDC500C30600 /* Assets.xcassets */; };
		AA859A3928AADDC500C30600 /* LaunchScreen.storyboard in Resources */ = {isa = PBXBuildFile; fileRef = AA859A3728AADDC500C30600 /* LaunchScreen.storyboard */; };
		AA859A4428AADDC500C30600 /* Codepath_iOS_PreworkTests.swift in Sources */ = {isa = PBXBuildFile; fileRef = AA859A4328AADDC500C30600 /* Codepath_iOS_PreworkTests.swift */; };
		AA859A4E28AADDC500C30600 /* Codepath_iOS_PreworkUITests.swift in Sources */ = {isa = PBXBuildFile; fileRef = AA859A4D28AADDC500C30600 /* Codepath_iOS_PreworkUITests.swift */; };
		AA859A5028AADDC500C30600 /* Codepath_iOS_PreworkUITestsLaunchTests.swift in Sources */ = {isa = PBXBuildFile; fileRef = AA859A4F28AADDC500C30600 /* Codepath_iOS_PreworkUITestsLaunchTests.swift */; };
/* End PBXBuildFile section */

/* Begin PBXContainerItemProxy section */
		AA859A4028AADDC500C30600 /* PBXContainerItemProxy */ = {
			isa = PBXContainerItemProxy;
			containerPortal = AA859A2128AADDC400C30600 /* Project object */;
			proxyType = 1;
			remoteGlobalIDString = AA859A2828AADDC400C30600;
			remoteInfo = "Codepath iOS Prework";
		};
		AA859A4A28AADDC500C30600 /* PBXContainerItemProxy */ = {
			isa = PBXContainerItemProxy;
			containerPortal = AA859A2128AADDC400C30600 /* Project object */;
			proxyType = 1;
			remoteGlobalIDString = AA859A2828AADDC400C30600;
			remoteInfo = "Codepath iOS Prework";
		};
/* End PBXContainerItemProxy section */

/* Begin PBXFileReference section */
		AA859A2928AADDC400C30600 /* Codepath iOS Prework.app */ = {isa = PBXFileReference; explicitFileType = wrapper.application; includeInIndex = 0; path = "Codepath iOS Prework.app"; sourceTree = BUILT_PRODUCTS_DIR; };
		AA859A2C28AADDC400C30600 /* AppDelegate.swift */ = {isa = PBXFileReference; lastKnownFileType = sourcecode.swift; path = AppDelegate.swift; sourceTree = "<group>"; };
		AA859A2E28AADDC400C30600 /* SceneDelegate.swift */ = {isa = PBXFileReference; lastKnownFileType = sourcecode.swift; path = SceneDelegate.swift; sourceTree = "<group>"; };
		AA859A3028AADDC400C30600 /* ViewController.swift */ = {isa = PBXFileReference; lastKnownFileType = sourcecode.swift; path = ViewController.swift; sourceTree = "<group>"; };
		AA859A3328AADDC400C30600 /* Base */ = {isa = PBXFileReference; lastKnownFileType = file.storyboard; name = Base; path = Base.lproj/Main.storyboard; sourceTree = "<group>"; };
		AA859A3528AADDC500C30600 /* Assets.xcassets */ = {isa = PBXFileReference; lastKnownFileType = folder.assetcatalog; path = Assets.xcassets; sourceTree = "<group>"; };
		AA859A3828AADDC500C30600 /* Base */ = {isa = PBXFileReference; lastKnownFileType = file.storyboard; name = Base; path = Base.lproj/LaunchScreen.storyboard; sourceTree = "<group>"; };
		AA859A3A28AADDC500C30600 /* Info.plist */ = {isa = PBXFileReference; lastKnownFileType = text.plist.xml; path = Info.plist; sourceTree = "<group>"; };
		AA859A3F28AADDC500C30600 /* Codepath iOS PreworkTests.xctest */ = {isa = PBXFileReference; explicitFileType = wrapper.cfbundle; includeInIndex = 0; path = "Codepath iOS PreworkTests.xctest"; sourceTree = BUILT_PRODUCTS_DIR; };
		AA859A4328AADDC500C30600 /* Codepath_iOS_PreworkTests.swift */ = {isa = PBXFileReference; lastKnownFileType = sourcecode.swift; path = Codepath_iOS_PreworkTests.swift; sourceTree = "<group>"; };
		AA859A4928AADDC500C30600 /* Codepath iOS PreworkUITests.xctest */ = {isa = PBXFileReference; explicitFileType = wrapper.cfbundle; includeInIndex = 0; path = "Codepath iOS PreworkUITests.xctest"; sourceTree = BUILT_PRODUCTS_DIR; };
		AA859A4D28AADDC500C30600 /* Codepath_iOS_PreworkUITests.swift */ = {isa = PBXFileReference; lastKnownFileType = sourcecode.swift; path = Codepath_iOS_PreworkUITests.swift; sourceTree = "<group>"; };
		AA859A4F28AADDC500C30600 /* Codepath_iOS_PreworkUITestsLaunchTests.swift */ = {isa = PBXFileReference; lastKnownFileType = sourcecode.swift; path = Codepath_iOS_PreworkUITestsLaunchTests.swift; sourceTree = "<group>"; };
/* End PBXFileReference section */

/* Begin PBXFrameworksBuildPhase section */
		AA859A2628AADDC400C30600 /* Frameworks */ = {
			isa = PBXFrameworksBuildPhase;
			buildActionMask = 2147483647;
			files = (
			);
			runOnlyForDeploymentPostprocessing = 0;
		};
		AA859A3C28AADDC500C30600 /* Frameworks */ = {
			isa = PBXFrameworksBuildPhase;
			buildActionMask = 2147483647;
			files = (
			);
			runOnlyForDeploymentPostprocessing = 0;
		};
		AA859A4628AADDC500C30600 /* Frameworks */ = {
			isa = PBXFrameworksBuildPhase;
			buildActionMask = 2147483647;
			files = (
			);
			runOnlyForDeploymentPostprocessing = 0;
		};
/* End PBXFrameworksBuildPhase section */

/* Begin PBXGroup section */
		AA859A2028AADDC400C30600 = {
			isa = PBXGroup;
			children = (
				AA859A2B28AADDC400C30600 /* Codepath iOS Prework */,
				AA859A4228AADDC500C30600 /* Codepath iOS PreworkTests */,
				AA859A4C28AADDC500C30600 /* Codepath iOS PreworkUITests */,
				AA859A2A28AADDC400C30600 /* Products */,
			);
			sourceTree = "<group>";
		};
		AA859A2A28AADDC400C30600 /* Products */ = {
			isa = PBXGroup;
			children = (
				AA859A2928AADDC400C30600 /* Codepath iOS Prework.app */,
				AA859A3F28AADDC500C30600 /* Codepath iOS PreworkTests.xctest */,
				AA859A4928AADDC500C30600 /* Codepath iOS PreworkUITests.xctest */,
			);
			name = Products;
			sourceTree = "<group>";
		};
		AA859A2B28AADDC400C30600 /* Codepath iOS Prework */ = {
			isa = PBXGroup;
			children = (
				AA859A2C28AADDC400C30600 /* AppDelegate.swift */,
				AA859A2E28AADDC400C30600 /* SceneDelegate.swift */,
				AA859A3028AADDC400C30600 /* ViewController.swift */,
				AA859A3228AADDC400C30600 /* Main.storyboard */,
				AA859A3528AADDC500C30600 /* Assets.xcassets */,
				AA859A3728AADDC500C30600 /* LaunchScreen.storyboard */,
				AA859A3A28AADDC500C30600 /* Info.plist */,
			);
			path = "Codepath iOS Prework";
			sourceTree = "<group>";
		};
		AA859A4228AADDC500C30600 /* Codepath iOS PreworkTests */ = {
			isa = PBXGroup;
			children = (
				AA859A4328AADDC500C30600 /* Codepath_iOS_PreworkTests.swift */,
			);
			path = "Codepath iOS PreworkTests";
			sourceTree = "<group>";
		};
		AA859A4C28AADDC500C30600 /* Codepath iOS PreworkUITests */ = {
			isa = PBXGroup;
			children = (
				AA859A4D28AADDC500C30600 /* Codepath_iOS_PreworkUITests.swift */,
				AA859A4F28AADDC500C30600 /* Codepath_iOS_PreworkUITestsLaunchTests.swift */,
			);
			path = "Codepath iOS PreworkUITests";
			sourceTree = "<group>";
		};
/* End PBXGroup section */

/* Begin PBXNativeTarget section */
		AA859A2828AADDC400C30600 /* Codepath iOS Prework */ = {
			isa = PBXNativeTarget;
			buildConfigurationList = AA859A5328AADDC500C30600 /* Build configuration list for PBXNativeTarget "Codepath iOS Prework" */;
			buildPhases = (
				AA859A2528AADDC400C30600 /* Sources */,
				AA859A2628AADDC400C30600 /* Frameworks */,
				AA859A2728AADDC400C30600 /* Resources */,
			);
			buildRules = (
			);
			dependencies = (
			);
			name = "Codepath iOS Prework";
			productName = "Codepath iOS Prework";
			productReference = AA859A2928AADDC400C30600 /* Codepath iOS Prework.app */;
			productType = "com.apple.product-type.application";
		};
		AA859A3E28AADDC500C30600 /* Codepath iOS PreworkTests */ = {
			isa = PBXNativeTarget;
			buildConfigurationList = AA859A5628AADDC500C30600 /* Build configuration list for PBXNativeTarget "Codepath iOS PreworkTests" */;
			buildPhases = (
				AA859A3B28AADDC500C30600 /* Sources */,
				AA859A3C28AADDC500C30600 /* Frameworks */,
				AA859A3D28AADDC500C30600 /* Resources */,
			);
			buildRules = (
			);
			dependencies = (
				AA859A4128AADDC500C30600 /* PBXTargetDependency */,
			);
			name = "Codepath iOS PreworkTests";
			productName = "Codepath iOS PreworkTests";
			productReference = AA859A3F28AADDC500C30600 /* Codepath iOS PreworkTests.xctest */;
			productType = "com.apple.product-type.bundle.unit-test";
		};
		AA859A4828AADDC500C30600 /* Codepath iOS PreworkUITests */ = {
			isa = PBXNativeTarget;
			buildConfigurationList = AA859A5928AADDC500C30600 /* Build configuration list for PBXNativeTarget "Codepath iOS PreworkUITests" */;
			buildPhases = (
				AA859A4528AADDC500C30600 /* Sources */,
				AA859A4628AADDC500C30600 /* Frameworks */,
				AA859A4728AADDC500C30600 /* Resources */,
			);
			buildRules = (
			);
			dependencies = (
				AA859A4B28AADDC500C30600 /* PBXTargetDependency */,
			);
			name = "Codepath iOS PreworkUITests";
			productName = "Codepath iOS PreworkUITests";
			productReference = AA859A4928AADDC500C30600 /* Codepath iOS PreworkUITests.xctest */;
			productType = "com.apple.product-type.bundle.ui-testing";
		};
/* End PBXNativeTarget section */

/* Begin PBXProject section */
		AA859A2128AADDC400C30600 /* Project object */ = {
			isa = PBXProject;
			attributes = {
				BuildIndependentTargetsInParallel = 1;
				LastSwiftUpdateCheck = 1340;
				LastUpgradeCheck = 1340;
				TargetAttributes = {
					AA859A2828AADDC400C30600 = {
						CreatedOnToolsVersion = 13.4.1;
					};
					AA859A3E28AADDC500C30600 = {
						CreatedOnToolsVersion = 13.4.1;
						TestTargetID = AA859A2828AADDC400C30600;
					};
					AA859A4828AADDC500C30600 = {
						CreatedOnToolsVersion = 13.4.1;
						TestTargetID = AA859A2828AADDC400C30600;
					};
				};
			};
			buildConfigurationList = AA859A2428AADDC400C30600 /* Build configuration list for PBXProject "Codepath iOS Prework" */;
			compatibilityVersion = "Xcode 13.0";
			developmentRegion = en;
			hasScannedForEncodings = 0;
			knownRegions = (
				en,
				Base,
			);
			mainGroup = AA859A2028AADDC400C30600;
			productRefGroup = AA859A2A28AADDC400C30600 /* Products */;
			projectDirPath = "";
			projectRoot = "";
			targets = (
				AA859A2828AADDC400C30600 /* Codepath iOS Prework */,
				AA859A3E28AADDC500C30600 /* Codepath iOS PreworkTests */,
				AA859A4828AADDC500C30600 /* Codepath iOS PreworkUITests */,
			);
		};
/* End PBXProject section */

/* Begin PBXResourcesBuildPhase section */
		AA859A2728AADDC400C30600 /* Resources */ = {
			isa = PBXResourcesBuildPhase;
			buildActionMask = 2147483647;
			files = (
				AA859A3928AADDC500C30600 /* LaunchScreen.storyboard in Resources */,
				AA859A3628AADDC500C30600 /* Assets.xcassets in Resources */,
				AA859A3428AADDC400C30600 /* Main.storyboard in Resources */,
			);
			runOnlyForDeploymentPostprocessing = 0;
		};
		AA859A3D28AADDC500C30600 /* Resources */ = {
			isa = PBXResourcesBuildPhase;
			buildActionMask = 2147483647;
			files = (
			);
			runOnlyForDeploymentPostprocessing = 0;
		};
		AA859A4728AADDC500C30600 /* Resources */ = {
			isa = PBXResourcesBuildPhase;
			buildActionMask = 2147483647;
			files = (
			);
			runOnlyForDeploymentPostprocessing = 0;
		};
/* End PBXResourcesBuildPhase section */

/* Begin PBXSourcesBuildPhase section */
		AA859A2528AADDC400C30600 /* Sources */ = {
			isa = PBXSourcesBuildPhase;
			buildActionMask = 2147483647;
			files = (
				AA859A3128AADDC400C30600 /* ViewController.swift in Sources */,
				AA859A2D28AADDC400C30600 /* AppDelegate.swift in Sources */,
				AA859A2F28AADDC400C30600 /* SceneDelegate.swift in Sources */,
			);
			runOnlyForDeploymentPostprocessing = 0;
		};
		AA859A3B28AADDC500C30600 /* Sources */ = {
			isa = PBXSourcesBuildPhase;
			buildActionMask = 2147483647;
			files = (
				AA859A4428AADDC500C30600 /* Codepath_iOS_PreworkTests.swift in Sources */,
			);
			runOnlyForDeploymentPostprocessing = 0;
		};
		AA859A4528AADDC500C30600 /* Sources */ = {
			isa = PBXSourcesBuildPhase;
			buildActionMask = 2147483647;
			files = (
				AA859A4E28AADDC500C30600 /* Codepath_iOS_PreworkUITests.swift in Sources */,
				AA859A5028AADDC500C30600 /* Codepath_iOS_PreworkUITestsLaunchTests.swift in Sources */,
			);
			runOnlyForDeploymentPostprocessing = 0;
		};
/* End PBXSourcesBuildPhase section */

/* Begin PBXTargetDependency section */
		AA859A4128AADDC500C30600 /* PBXTargetDependency */ = {
			isa = PBXTargetDependency;
			target = AA859A2828AADDC400C30600 /* Codepath iOS Prework */;
			targetProxy = AA859A4028AADDC500C30600 /* PBXContainerItemProxy */;
		};
		AA859A4B28AADDC500C30600 /* PBXTargetDependency */ = {
			isa = PBXTargetDependency;
			target = AA859A2828AADDC400C30600 /* Codepath iOS Prework */;
			targetProxy = AA859A4A28AADDC500C30600 /* PBXContainerItemProxy */;
		};
/* End PBXTargetDependency section */

/* Begin PBXVariantGroup section */
		AA859A3228AADDC400C30600 /* Main.storyboard */ = {
			isa = PBXVariantGroup;
			children = (
				AA859A3328AADDC400C30600 /* Base */,
			);
			name = Main.storyboard;
			sourceTree = "<group>";
		};
		AA859A3728AADDC500C30600 /* LaunchScreen.storyboard */ = {
			isa = PBXVariantGroup;
			children = (
				AA859A3828AADDC500C30600 /* Base */,
			);
			name = LaunchScreen.storyboard;
			sourceTree = "<group>";
		};
/* End PBXVariantGroup section */

/* Begin XCBuildConfiguration section */
		AA859A5128AADDC500C30600 /* Debug */ = {
			isa = XCBuildConfiguration;
			buildSettings = {
				ALWAYS_SEARCH_USER_PATHS = NO;
				CLANG_ANALYZER_NONNULL = YES;
				CLANG_ANALYZER_NUMBER_OBJECT_CONVERSION = YES_AGGRESSIVE;
				CLANG_CXX_LANGUAGE_STANDARD = "gnu++17";
				CLANG_ENABLE_MODULES = YES;
				CLANG_ENABLE_OBJC_ARC = YES;
				CLANG_ENABLE_OBJC_WEAK = YES;
				CLANG_WARN_BLOCK_CAPTURE_AUTORELEASING = YES;
				CLANG_WARN_BOOL_CONVERSION = YES;
				CLANG_WARN_COMMA = YES;
				CLANG_WARN_CONSTANT_CONVERSION = YES;
				CLANG_WARN_DEPRECATED_OBJC_IMPLEMENTATIONS = YES;
				CLANG_WARN_DIRECT_OBJC_ISA_USAGE = YES_ERROR;
				CLANG_WARN_DOCUMENTATION_COMMENTS = YES;
				CLANG_WARN_EMPTY_BODY = YES;
				CLANG_WARN_ENUM_CONVERSION = YES;
				CLANG_WARN_INFINITE_RECURSION = YES;
				CLANG_WARN_INT_CONVERSION = YES;
				CLANG_WARN_NON_LITERAL_NULL_CONVERSION = YES;
				CLANG_WARN_OBJC_IMPLICIT_RETAIN_SELF = YES;
				CLANG_WARN_OBJC_LITERAL_CONVERSION = YES;
				CLANG_WARN_OBJC_ROOT_CLASS = YES_ERROR;
				CLANG_WARN_QUOTED_INCLUDE_IN_FRAMEWORK_HEADER = YES;
				CLANG_WARN_RANGE_LOOP_ANALYSIS = YES;
				CLANG_WARN_STRICT_PROTOTYPES = YES;
				CLANG_WARN_SUSPICIOUS_MOVE = YES;
				CLANG_WARN_UNGUARDED_AVAILABILITY = YES_AGGRESSIVE;
				CLANG_WARN_UNREACHABLE_CODE = YES;
				CLANG_WARN__DUPLICATE_METHOD_MATCH = YES;
				COPY_PHASE_STRIP = NO;
				DEBUG_INFORMATION_FORMAT = dwarf;
				ENABLE_STRICT_OBJC_MSGSEND = YES;
				ENABLE_TESTABILITY = YES;
				GCC_C_LANGUAGE_STANDARD = gnu11;
				GCC_DYNAMIC_NO_PIC = NO;
				GCC_NO_COMMON_BLOCKS = YES;
				GCC_OPTIMIZATION_LEVEL = 0;
				GCC_PREPROCESSOR_DEFINITIONS = (
					"DEBUG=1",
					"$(inherited)",
				);
				GCC_WARN_64_TO_32_BIT_CONVERSION = YES;
				GCC_WARN_ABOUT_RETURN_TYPE = YES_ERROR;
				GCC_WARN_UNDECLARED_SELECTOR = YES;
				GCC_WARN_UNINITIALIZED_AUTOS = YES_AGGRESSIVE;
				GCC_WARN_UNUSED_FUNCTION = YES;
				GCC_WARN_UNUSED_VARIABLE = YES;
				IPHONEOS_DEPLOYMENT_TARGET = 15.5;
				MTL_ENABLE_DEBUG_INFO = INCLUDE_SOURCE;
				MTL_FAST_MATH = YES;
				ONLY_ACTIVE_ARCH = YES;
				SDKROOT = iphoneos;
				SWIFT_ACTIVE_COMPILATION_CONDITIONS = DEBUG;
				SWIFT_OPTIMIZATION_LEVEL = "-Onone";
			};
			name = Debug;
		};
		AA859A5228AADDC500C30600 /* Release */ = {
			isa = XCBuildConfiguration;
			buildSettings = {
				ALWAYS_SEARCH_USER_PATHS = NO;
				CLANG_ANALYZER_NONNULL = YES;
				CLANG_ANALYZER_NUMBER_OBJECT_CONVERSION = YES_AGGRESSIVE;
				CLANG_CXX_LANGUAGE_STANDARD = "gnu++17";
				CLANG_ENABLE_MODULES = YES;
				CLANG_ENABLE_OBJC_ARC = YES;
				CLANG_ENABLE_OBJC_WEAK = YES;
				CLANG_WARN_BLOCK_CAPTURE_AUTORELEASING = YES;
				CLANG_WARN_BOOL_CONVERSION = YES;
				CLANG_WARN_COMMA = YES;
				CLANG_WARN_CONSTANT_CONVERSION = YES;
				CLANG_WARN_DEPRECATED_OBJC_IMPLEMENTATIONS = YES;
				CLANG_WARN_DIRECT_OBJC_ISA_USAGE = YES_ERROR;
				CLANG_WARN_DOCUMENTATION_COMMENTS = YES;
				CLANG_WARN_EMPTY_BODY = YES;
				CLANG_WARN_ENUM_CONVERSION = YES;
				CLANG_WARN_INFINITE_RECURSION = YES;
				CLANG_WARN_INT_CONVERSION = YES;
				CLANG_WARN_NON_LITERAL_NULL_CONVERSION = YES;
				CLANG_WARN_OBJC_IMPLICIT_RETAIN_SELF = YES;
				CLANG_WARN_OBJC_LITERAL_CONVERSION = YES;
				CLANG_WARN_OBJC_ROOT_CLASS = YES_ERROR;
				CLANG_WARN_QUOTED_INCLUDE_IN_FRAMEWORK_HEADER = YES;
				CLANG_WARN_RANGE_LOOP_ANALYSIS = YES;
				CLANG_WARN_STRICT_PROTOTYPES = YES;
				CLANG_WARN_SUSPICIOUS_MOVE = YES;
				CLANG_WARN_UNGUARDED_AVAILABILITY = YES_AGGRESSIVE;
				CLANG_WARN_UNREACHABLE_CODE = YES;
				CLANG_WARN__DUPLICATE_METHOD_MATCH = YES;
				COPY_PHASE_STRIP = NO;
				DEBUG_INFORMATION_FORMAT = "dwarf-with-dsym";
				ENABLE_NS_ASSERTIONS = NO;
				ENABLE_STRICT_OBJC_MSGSEND = YES;
				GCC_C_LANGUAGE_STANDARD = gnu11;
				GCC_NO_COMMON_BLOCKS = YES;
				GCC_WARN_64_TO_32_BIT_CONVERSION = YES;
				GCC_WARN_ABOUT_RETURN_TYPE = YES_ERROR;
				GCC_WARN_UNDECLARED_SELECTOR = YES;
				GCC_WARN_UNINITIALIZED_AUTOS = YES_AGGRESSIVE;
				GCC_WARN_UNUSED_FUNCTION = YES;
				GCC_WARN_UNUSED_VARIABLE = YES;
				IPHONEOS_DEPLOYMENT_TARGET = 15.5;
				MTL_ENABLE_DEBUG_INFO = NO;
				MTL_FAST_MATH = YES;
				SDKROOT = iphoneos;
				SWIFT_COMPILATION_MODE = wholemodule;
				SWIFT_OPTIMIZATION_LEVEL = "-O";
				VALIDATE_PRODUCT = YES;
			};
			name = Release;
		};
		AA859A5428AADDC500C30600 /* Debug */ = {
			isa = XCBuildConfiguration;
			buildSettings = {
				ASSETCATALOG_COMPILER_APPICON_NAME = AppIcon;
				ASSETCATALOG_COMPILER_GLOBAL_ACCENT_COLOR_NAME = AccentColor;
				CODE_SIGN_STYLE = Automatic;
				CURRENT_PROJECT_VERSION = 1;
				GENERATE_INFOPLIST_FILE = YES;
				INFOPLIST_FILE = "Codepath iOS Prework/Info.plist";
				INFOPLIST_KEY_UIApplicationSupportsIndirectInputEvents = YES;
				INFOPLIST_KEY_UILaunchStoryboardName = LaunchScreen;
				INFOPLIST_KEY_UIMainStoryboardFile = Main;
				INFOPLIST_KEY_UISupportedInterfaceOrientations_iPad = "UIInterfaceOrientationPortrait UIInterfaceOrientationPortraitUpsideDown UIInterfaceOrientationLandscapeLeft UIInterfaceOrientationLandscapeRight";
				INFOPLIST_KEY_UISupportedInterfaceOrientations_iPhone = "UIInterfaceOrientationPortrait UIInterfaceOrientationLandscapeLeft UIInterfaceOrientationLandscapeRight";
				LD_RUNPATH_SEARCH_PATHS = (
					"$(inherited)",
					"@executable_path/Frameworks",
				);
				MARKETING_VERSION = 1.0;
				PRODUCT_BUNDLE_IDENTIFIER = "memo.com.Codepath-iOS-Prework";
				PRODUCT_NAME = "$(TARGET_NAME)";
				SWIFT_EMIT_LOC_STRINGS = YES;
				SWIFT_VERSION = 5.0;
				TARGETED_DEVICE_FAMILY = "1,2";
			};
			name = Debug;
		};
		AA859A5528AADDC500C30600 /* Release */ = {
			isa = XCBuildConfiguration;
			buildSettings = {
				ASSETCATALOG_COMPILER_APPICON_NAME = AppIcon;
				ASSETCATALOG_COMPILER_GLOBAL_ACCENT_COLOR_NAME = AccentColor;
				CODE_SIGN_STYLE = Automatic;
				CURRENT_PROJECT_VERSION = 1;
				GENERATE_INFOPLIST_FILE = YES;
				INFOPLIST_FILE = "Codepath iOS Prework/Info.plist";
				INFOPLIST_KEY_UIApplicationSupportsIndirectInputEvents = YES;
				INFOPLIST_KEY_UILaunchStoryboardName = LaunchScreen;
				INFOPLIST_KEY_UIMainStoryboardFile = Main;
				INFOPLIST_KEY_UISupportedInterfaceOrientations_iPad = "UIInterfaceOrientationPortrait UIInterfaceOrientationPortraitUpsideDown UIInterfaceOrientationLandscapeLeft UIInterfaceOrientationLandscapeRight";
				INFOPLIST_KEY_UISupportedInterfaceOrientations_iPhone = "UIInterfaceOrientationPortrait UIInterfaceOrientationLandscapeLeft UIInterfaceOrientationLandscapeRight";
				LD_RUNPATH_SEARCH_PATHS = (
					"$(inherited)",
					"@executable_path/Frameworks",
				);
				MARKETING_VERSION = 1.0;
				PRODUCT_BUNDLE_IDENTIFIER = "memo.com.Codepath-iOS-Prework";
				PRODUCT_NAME = "$(TARGET_NAME)";
				SWIFT_EMIT_LOC_STRINGS = YES;
				SWIFT_VERSION = 5.0;
				TARGETED_DEVICE_FAMILY = "1,2";
			};
			name = Release;
		};
		AA859A5728AADDC500C30600 /* Debug */ = {
			isa = XCBuildConfiguration;
			buildSettings = {
				ALWAYS_EMBED_SWIFT_STANDARD_LIBRARIES = YES;
				BUNDLE_LOADER = "$(TEST_HOST)";
				CODE_SIGN_STYLE = Automatic;
				CURRENT_PROJECT_VERSION = 1;
				GENERATE_INFOPLIST_FILE = YES;
				IPHONEOS_DEPLOYMENT_TARGET = 15.5;
				MARKETING_VERSION = 1.0;
				PRODUCT_BUNDLE_IDENTIFIER = "memo.com.Codepath-iOS-PreworkTests";
				PRODUCT_NAME = "$(TARGET_NAME)";
				SWIFT_EMIT_LOC_STRINGS = NO;
				SWIFT_VERSION = 5.0;
				TARGETED_DEVICE_FAMILY = "1,2";
				TEST_HOST = "$(BUILT_PRODUCTS_DIR)/Codepath iOS Prework.app/Codepath iOS Prework";
			};
			name = Debug;
		};
		AA859A5828AADDC500C30600 /* Release */ = {
			isa = XCBuildConfiguration;
			buildSettings = {
				ALWAYS_EMBED_SWIFT_STANDARD_LIBRARIES = YES;
				BUNDLE_LOADER = "$(TEST_HOST)";
				CODE_SIGN_STYLE = Automatic;
				CURRENT_PROJECT_VERSION = 1;
				GENERATE_INFOPLIST_FILE = YES;
				IPHONEOS_DEPLOYMENT_TARGET = 15.5;
				MARKETING_VERSION = 1.0;
				PRODUCT_BUNDLE_IDENTIFIER = "memo.com.Codepath-iOS-PreworkTests";
				PRODUCT_NAME = "$(TARGET_NAME)";
				SWIFT_EMIT_LOC_STRINGS = NO;
				SWIFT_VERSION = 5.0;
				TARGETED_DEVICE_FAMILY = "1,2";
				TEST_HOST = "$(BUILT_PRODUCTS_DIR)/Codepath iOS Prework.app/Codepath iOS Prework";
			};
			name = Release;
		};
		AA859A5A28AADDC500C30600 /* Debug */ = {
			isa = XCBuildConfiguration;
			buildSettings = {
				ALWAYS_EMBED_SWIFT_STANDARD_LIBRARIES = YES;
				CODE_SIGN_STYLE = Automatic;
				CURRENT_PROJECT_VERSION = 1;
				GENERATE_INFOPLIST_FILE = YES;
				MARKETING_VERSION = 1.0;
				PRODUCT_BUNDLE_IDENTIFIER = "memo.com.Codepath-iOS-PreworkUITests";
				PRODUCT_NAME = "$(TARGET_NAME)";
				SWIFT_EMIT_LOC_STRINGS = NO;
				SWIFT_VERSION = 5.0;
				TARGETED_DEVICE_FAMILY = "1,2";
				TEST_TARGET_NAME = "Codepath iOS Prework";
			};
			name = Debug;
		};
		AA859A5B28AADDC500C30600 /* Release */ = {
			isa = XCBuildConfiguration;
			buildSettings = {
				ALWAYS_EMBED_SWIFT_STANDARD_LIBRARIES = YES;
				CODE_SIGN_STYLE = Automatic;
				CURRENT_PROJECT_VERSION = 1;
				GENERATE_INFOPLIST_FILE = YES;
				MARKETING_VERSION = 1.0;
				PRODUCT_BUNDLE_IDENTIFIER = "memo.com.Codepath-iOS-PreworkUITests";
				PRODUCT_NAME = "$(TARGET_NAME)";
				SWIFT_EMIT_LOC_STRINGS = NO;
				SWIFT_VERSION = 5.0;
				TARGETED_DEVICE_FAMILY = "1,2";
				TEST_TARGET_NAME = "Codepath iOS Prework";
			};
			name = Release;
		};
/* End XCBuildConfiguration section */

/* Begin XCConfigurationList section */
		AA859A2428AADDC400C30600 /* Build configuration list for PBXProject "Codepath iOS Prework" */ = {
			isa = XCConfigurationList;
			buildConfigurations = (
				AA859A5128AADDC500C30600 /* Debug */,
				AA859A5228AADDC500C30600 /* Release */,
			);
			defaultConfigurationIsVisible = 0;
			defaultConfigurationName = Release;
		};
		AA859A5328AADDC500C30600 /* Build configuration list for PBXNativeTarget "Codepath iOS Prework" */ = {
			isa = XCConfigurationList;
			buildConfigurations = (
				AA859A5428AADDC500C30600 /* Debug */,
				AA859A5528AADDC500C30600 /* Release */,
			);
			defaultConfigurationIsVisible = 0;
			defaultConfigurationName = Release;
		};
		AA859A5628AADDC500C30600 /* Build configuration list for PBXNativeTarget "Codepath iOS PreworkTests" */ = {
			isa = XCConfigurationList;
			buildConfigurations = (
				AA859A5728AADDC500C30600 /* Debug */,
				AA859A5828AADDC500C30600 /* Release */,
			);
			defaultConfigurationIsVisible = 0;
			defaultConfigurationName = Release;
		};
		AA859A5928AADDC500C30600 /* Build configuration list for PBXNativeTarget "Codepath iOS PreworkUITests" */ = {
			isa = XCConfigurationList;
			buildConfigurations = (
				AA859A5A28AADDC500C30600 /* Debug */,
				AA859A5B28AADDC500C30600 /* Release */,
			);
			defaultConfigurationIsVisible = 0;
			defaultConfigurationName = Release;
		};
/* End XCConfigurationList section */
	};
	rootObject = AA859A2128AADDC400C30600 /* Project object */;
}
